
Microsoft Visual Studio Solution File, Format Version 12.00
# Visual Studio 14
VisualStudioVersion = 14.0.24720.0
MinimumVisualStudioVersion = 10.0.40219.1
Project("{FAE04EC0-301F-11D3-BF4B-00C04F79EFBC}") = "SudokuSolver", "SudokuSolver\SudokuSolver.csproj", "{89F15F7E-CA1F-4A90-977F-BC747580FE86}"
EndProject
Project("{FAE04EC0-301F-11D3-BF4B-00C04F79EFBC}") = "SudokuTests", "SudokuTests\SudokuTests.csproj", "{A37C40CF-C102-4784-89B7-135232AA9792}"
EndProject
Global
	GlobalSection(SolutionConfigurationPlatforms) = preSolution
		Debug|Any CPU = Debug|Any CPU
		Release|Any CPU = Release|Any CPU
	EndGlobalSection
	GlobalSection(ProjectConfigurationPlatforms) = postSolution
		{89F15F7E-CA1F-4A90-977F-BC747580FE86}.Debug|Any CPU.ActiveCfg = Debug|Any CPU
		{89F15F7E-CA1F-4A90-977F-BC747580FE86}.Debug|Any CPU.Build.0 = Debug|Any CPU
		{89F15F7E-CA1F-4A90-977F-BC747580FE86}.Release|Any CPU.ActiveCfg = Release|Any CPU
		{89F15F7E-CA1F-4A90-977F-BC747580FE86}.Release|Any CPU.Build.0 = Release|Any CPU
		{A37C40CF-C102-4784-89B7-135232AA9792}.Debug|Any CPU.ActiveCfg = Debug|Any CPU
		{A37C40CF-C102-4784-89B7-135232AA9792}.Debug|Any CPU.Build.0 = Debug|Any CPU
		{A37C40CF-C102-4784-89B7-135232AA9792}.Release|Any CPU.ActiveCfg = Release|Any CPU
		{A37C40CF-C102-4784-89B7-135232AA9792}.Release|Any CPU.Build.0 = Release|Any CPU
	EndGlobalSection
	GlobalSection(SolutionProperties) = preSolution
		HideSolutionNode = FALSE
	EndGlobalSection
EndGlobal
